
Microsoft Visual Studio Solution File, Format Version 12.00
# Visual Studio Version 17
VisualStudioVersion = 17.0.31903.59
MinimumVisualStudioVersion = 10.0.40219.1
Project("{FAE04EC0-301F-11D3-BF4B-00C04F79EFBC}") = "DemoWebHooks", "DemoWebHooks.csproj", "{6438BC56-8D9D-4881-88D3-ACF0577F6A75}"
EndProject
Global
	GlobalSection(SolutionConfigurationPlatforms) = preSolution
		Debug|Any CPU = Debug|Any CPU
		Release|Any CPU = Release|Any CPU
	EndGlobalSection
	GlobalSection(ProjectConfigurationPlatforms) = postSolution
		{6438BC56-8D9D-4881-88D3-ACF0577F6A75}.Debug|Any CPU.ActiveCfg = Debug|Any CPU
		{6438BC56-8D9D-4881-88D3-ACF0577F6A75}.Debug|Any CPU.Build.0 = Debug|Any CPU
		{6438BC56-8D9D-4881-88D3-ACF0577F6A75}.Release|Any CPU.ActiveCfg = Release|Any CPU
		{6438BC56-8D9D-4881-88D3-ACF0577F6A75}.Release|Any CPU.Build.0 = Release|Any CPU
	EndGlobalSection
	GlobalSection(SolutionProperties) = preSolution
		HideSolutionNode = FALSE
	EndGlobalSection
	GlobalSection(ExtensibilityGlobals) = postSolution
		SolutionGuid = {CA163086-1583-40C5-A076-6F43352128A3}
	EndGlobalSection
EndGlobal
